
Microsoft Visual Studio Solution File, Format Version 12.00
# Visual Studio Version 17
VisualStudioVersion = 17.11.35327.3
MinimumVisualStudioVersion = 10.0.40219.1
Project("{9A19103F-16F7-4668-BE54-9A1E7A4F7556}") = "ApiParams", "ApiParams\ApiParams.csproj", "{5277BC24-2B70-423E-85BF-1D881C43BD29}"
EndProject
Project("{9A19103F-16F7-4668-BE54-9A1E7A4F7556}") = "ApiParams.Domain", "ApiParams.Domain\ApiParams.Domain.csproj", "{202811A6-BB61-41AF-B64B-0A5FD8F2E14E}"
EndProject
Global
	GlobalSection(SolutionConfigurationPlatforms) = preSolution
		Debug|Any CPU = Debug|Any CPU
		Release|Any CPU = Release|Any CPU
	EndGlobalSection
	GlobalSection(ProjectConfigurationPlatforms) = postSolution
		{5277BC24-2B70-423E-85BF-1D881C43BD29}.Debug|Any CPU.ActiveCfg = Debug|Any CPU
		{5277BC24-2B70-423E-85BF-1D881C43BD29}.Debug|Any CPU.Build.0 = Debug|Any CPU
		{5277BC24-2B70-423E-85BF-1D881C43BD29}.Release|Any CPU.ActiveCfg = Release|Any CPU
		{5277BC24-2B70-423E-85BF-1D881C43BD29}.Release|Any CPU.Build.0 = Release|Any CPU
		{202811A6-BB61-41AF-B64B-0A5FD8F2E14E}.Debug|Any CPU.ActiveCfg = Debug|Any CPU
		{202811A6-BB61-41AF-B64B-0A5FD8F2E14E}.Debug|Any CPU.Build.0 = Debug|Any CPU
		{202811A6-BB61-41AF-B64B-0A5FD8F2E14E}.Release|Any CPU.ActiveCfg = Release|Any CPU
		{202811A6-BB61-41AF-B64B-0A5FD8F2E14E}.Release|Any CPU.Build.0 = Release|Any CPU
	EndGlobalSection
	GlobalSection(SolutionProperties) = preSolution
		HideSolutionNode = FALSE
	EndGlobalSection
	GlobalSection(ExtensibilityGlobals) = postSolution
		SolutionGuid = {D749D8C9-A13C-4F54-A6F7-E3D1A828BF2C}
	EndGlobalSection
EndGlobal
